
Microsoft Visual Studio Solution File, Format Version 12.00
# Visual Studio 2012
Project("{FAE04EC0-301F-11D3-BF4B-00C04F79EFBC}") = "Xamarin.iOS.Slyce.Sample", "Xamarin.iOS.Slyce.Sample.csproj", "{DA756BEF-BCD3-4F9C-922B-3946A6796182}"
EndProject
Global
	GlobalSection(SolutionConfigurationPlatforms) = preSolution
		Debug|iPhoneSimulator = Debug|iPhoneSimulator
		Release|iPhone = Release|iPhone
		Release|iPhoneSimulator = Release|iPhoneSimulator
		Debug|iPhone = Debug|iPhone
	EndGlobalSection
	GlobalSection(ProjectConfigurationPlatforms) = postSolution
		{DA756BEF-BCD3-4F9C-922B-3946A6796182}.Debug|iPhoneSimulator.ActiveCfg = Debug|iPhoneSimulator
		{DA756BEF-BCD3-4F9C-922B-3946A6796182}.Debug|iPhoneSimulator.Build.0 = Debug|iPhoneSimulator
		{DA756BEF-BCD3-4F9C-922B-3946A6796182}.Release|iPhone.ActiveCfg = Release|iPhone
		{DA756BEF-BCD3-4F9C-922B-3946A6796182}.Release|iPhone.Build.0 = Release|iPhone
		{DA756BEF-BCD3-4F9C-922B-3946A6796182}.Release|iPhoneSimulator.ActiveCfg = Release|iPhoneSimulator
		{DA756BEF-BCD3-4F9C-922B-3946A6796182}.Release|iPhoneSimulator.Build.0 = Release|iPhoneSimulator
		{DA756BEF-BCD3-4F9C-922B-3946A6796182}.Debug|iPhone.ActiveCfg = Debug|iPhone
		{DA756BEF-BCD3-4F9C-922B-3946A6796182}.Debug|iPhone.Build.0 = Debug|iPhone
	EndGlobalSection
EndGlobal
